// !$*UTF8*$!
{
	archiveVersion = 1;
	classes = {
	};
	objectVersion = 46;
	objects = {

/* Begin PBXBuildFile section */
		2BF1D5501EF8226B0017E1CA /* main.m in Sources */ = {isa = PBXBuildFile; fileRef = 2BF1D54F1EF8226B0017E1CA /* main.m */; };
		2BF1D5531EF8226B0017E1CA /* AppDelegate.m in Sources */ = {isa = PBXBuildFile; fileRef = 2BF1D5521EF8226B0017E1CA /* AppDelegate.m */; };
		2BF1D5561EF8226B0017E1CA /* ViewController.m in Sources */ = {isa = PBXBuildFile; fileRef = 2BF1D5551EF8226B0017E1CA /* ViewController.m */; };
		2BF1D5591EF8226B0017E1CA /* Main.storyboard in Resources */ = {isa = PBXBuildFile; fileRef = 2BF1D5571EF8226B0017E1CA /* Main.storyboard */; };
		2BF1D55B1EF8226B0017E1CA /* Assets.xcassets in Resources */ = {isa = PBXBuildFile; fileRef = 2BF1D55A1EF8226B0017E1CA /* Assets.xcassets */; };
		2BF1D55E1EF8226B0017E1CA /* LaunchScreen.storyboard in Resources */ = {isa = PBXBuildFile; fileRef = 2BF1D55C1EF8226B0017E1CA /* LaunchScreen.storyboard */; };
		2BF1D5691EF8226B0017E1CA /* wj_bugs_001Tests.m in Sources */ = {isa = PBXBuildFile; fileRef = 2BF1D5681EF8226B0017E1CA /* wj_bugs_001Tests.m */; };
		2BF1D5741EF8226B0017E1CA /* wj_bugs_001UITests.m in Sources */ = {isa = PBXBuildFile; fileRef = 2BF1D5731EF8226B0017E1CA /* wj_bugs_001UITests.m */; };
		2BF1D5861EF823670017E1CA /* SJGWKWebHelper.m in Sources */ = {isa = PBXBuildFile; fileRef = 2BF1D5831EF823670017E1CA /* SJGWKWebHelper.m */; };
		2BF1D5871EF823670017E1CA /* UIViewController+SJGWKWebView.m in Sources */ = {isa = PBXBuildFile; fileRef = 2BF1D5851EF823670017E1CA /* UIViewController+SJGWKWebView.m */; };
		2BF1D58A1EF824250017E1CA /* UIViewController+FastAlert.m in Sources */ = {isa = PBXBuildFile; fileRef = 2BF1D5891EF824250017E1CA /* UIViewController+FastAlert.m */; };
		2BF1D5951EF825010017E1CA /* WJWebViewVC.m in Sources */ = {isa = PBXBuildFile; fileRef = 2BF1D5921EF825010017E1CA /* WJWebViewVC.m */; };
		2BF1D5961EF825010017E1CA /* WJWkWebViewVC.m in Sources */ = {isa = PBXBuildFile; fileRef = 2BF1D5941EF825010017E1CA /* WJWkWebViewVC.m */; };
		2BF1D5A01EF82A070017E1CA /* NSArray+NilCheck.m in Sources */ = {isa = PBXBuildFile; fileRef = 2BF1D59A1EF82A070017E1CA /* NSArray+NilCheck.m */; };
		2BF1D5A11EF82A070017E1CA /* NSObject+NilCheck.m in Sources */ = {isa = PBXBuildFile; fileRef = 2BF1D59C1EF82A070017E1CA /* NSObject+NilCheck.m */; };
		2BF1D5A21EF82A070017E1CA /* NSString+NilCheck.m in Sources */ = {isa = PBXBuildFile; fileRef = 2BF1D59E1EF82A070017E1CA /* NSString+NilCheck.m */; };
/* End PBXBuildFile section */

/* Begin PBXContainerItemProxy section */
		2BF1D5651EF8226B0017E1CA /* PBXContainerItemProxy */ = {
			isa = PBXContainerItemProxy;
			containerPortal = 2BF1D5431EF8226B0017E1CA /* Project object */;
			proxyType = 1;
			remoteGlobalIDString = 2BF1D54A1EF8226B0017E1CA;
			remoteInfo = wj_bugs_001;
		};
		2BF1D5701EF8226B0017E1CA /* PBXContainerItemProxy */ = {
			isa = PBXContainerItemProxy;
			containerPortal = 2BF1D5431EF8226B0017E1CA /* Project object */;
			proxyType = 1;
			remoteGlobalIDString = 2BF1D54A1EF8226B0017E1CA;
			remoteInfo = wj_bugs_001;
		};
/* End PBXContainerItemProxy section */

/* Begin PBXFileReference section */
		2BF1D54B1EF8226B0017E1CA /* wj_bugs_001.app */ = {isa = PBXFileReference; explicitFileType = wrapper.application; includeInIndex = 0; path = wj_bugs_001.app; sourceTree = BUILT_PRODUCTS_DIR; };
		2BF1D54F1EF8226B0017E1CA /* main.m */ = {isa = PBXFileReference; lastKnownFileType = sourcecode.c.objc; path = main.m; sourceTree = "<group>"; };
		2BF1D5511EF8226B0017E1CA /* AppDelegate.h */ = {isa = PBXFileReference; lastKnownFileType = sourcecode.c.h; path = AppDelegate.h; sourceTree = "<group>"; };
		2BF1D5521EF8226B0017E1CA /* AppDelegate.m */ = {isa = PBXFileReference; lastKnownFileType = sourcecode.c.objc; path = AppDelegate.m; sourceTree = "<group>"; };
		2BF1D5541EF8226B0017E1CA /* ViewController.h */ = {isa = PBXFileReference; lastKnownFileType = sourcecode.c.h; path = ViewController.h; sourceTree = "<group>"; };
		2BF1D5551EF8226B0017E1CA /* ViewController.m */ = {isa = PBXFileReference; lastKnownFileType = sourcecode.c.objc; path = ViewController.m; sourceTree = "<group>"; };
		2BF1D5581EF8226B0017E1CA /* Base */ = {isa = PBXFileReference; lastKnownFileType = file.storyboard; name = Base; path = Base.lproj/Main.storyboard; sourceTree = "<group>"; };
		2BF1D55A1EF8226B0017E1CA /* Assets.xcassets */ = {isa = PBXFileReference; lastKnownFileType = folder.assetcatalog; path = Assets.xcassets; sourceTree = "<group>"; };
		2BF1D55D1EF8226B0017E1CA /* Base */ = {isa = PBXFileReference; lastKnownFileType = file.storyboard; name = Base; path = Base.lproj/LaunchScreen.storyboard; sourceTree = "<group>"; };
		2BF1D55F1EF8226B0017E1CA /* Info.plist */ = {isa = PBXFileReference; lastKnownFileType = text.plist.xml; path = Info.plist; sourceTree = "<group>"; };
		2BF1D5641EF8226B0017E1CA /* wj_bugs_001Tests.xctest */ = {isa = PBXFileReference; explicitFileType = wrapper.cfbundle; includeInIndex = 0; path = wj_bugs_001Tests.xctest; sourceTree = BUILT_PRODUCTS_DIR; };
		2BF1D5681EF8226B0017E1CA /* wj_bugs_001Tests.m */ = {isa = PBXFileReference; lastKnownFileType = sourcecode.c.objc; path = wj_bugs_001Tests.m; sourceTree = "<group>"; };
		2BF1D56A1EF8226B0017E1CA /* Info.plist */ = {isa = PBXFileReference; lastKnownFileType = text.plist.xml; path = Info.plist; sourceTree = "<group>"; };
		2BF1D56F1EF8226B0017E1CA /* wj_bugs_001UITests.xctest */ = {isa = PBXFileReference; explicitFileType = wrapper.cfbundle; includeInIndex = 0; path = wj_bugs_001UITests.xctest; sourceTree = BUILT_PRODUCTS_DIR; };
		2BF1D5731EF8226B0017E1CA /* wj_bugs_001UITests.m */ = {isa = PBXFileReference; lastKnownFileType = sourcecode.c.objc; path = wj_bugs_001UITests.m; sourceTree = "<group>"; };
		2BF1D5751EF8226B0017E1CA /* Info.plist */ = {isa = PBXFileReference; lastKnownFileType = text.plist.xml; path = Info.plist; sourceTree = "<group>"; };
		2BF1D5821EF823670017E1CA /* SJGWKWebHelper.h */ = {isa = PBXFileReference; fileEncoding = 4; lastKnownFileType = sourcecode.c.h; path = SJGWKWebHelper.h; sourceTree = "<group>"; };
		2BF1D5831EF823670017E1CA /* SJGWKWebHelper.m */ = {isa = PBXFileReference; fileEncoding = 4; lastKnownFileType = sourcecode.c.objc; path = SJGWKWebHelper.m; sourceTree = "<group>"; };
		2BF1D5841EF823670017E1CA /* UIViewController+SJGWKWebView.h */ = {isa = PBXFileReference; fileEncoding = 4; lastKnownFileType = sourcecode.c.h; path = "UIViewController+SJGWKWebView.h"; sourceTree = "<group>"; };
		2BF1D5851EF823670017E1CA /* UIViewController+SJGWKWebView.m */ = {isa = PBXFileReference; fileEncoding = 4; lastKnownFileType = sourcecode.c.objc; path = "UIViewController+SJGWKWebView.m"; sourceTree = "<group>"; };
		2BF1D5881EF824250017E1CA /* UIViewController+FastAlert.h */ = {isa = PBXFileReference; fileEncoding = 4; lastKnownFileType = sourcecode.c.h; path = "UIViewController+FastAlert.h"; sourceTree = "<group>"; };
		2BF1D5891EF824250017E1CA /* UIViewController+FastAlert.m */ = {isa = PBXFileReference; fileEncoding = 4; lastKnownFileType = sourcecode.c.objc; path = "UIViewController+FastAlert.m"; sourceTree = "<group>"; };
		2BF1D5911EF825010017E1CA /* WJWebViewVC.h */ = {isa = PBXFileReference; fileEncoding = 4; lastKnownFileType = sourcecode.c.h; path = WJWebViewVC.h; sourceTree = "<group>"; };
		2BF1D5921EF825010017E1CA /* WJWebViewVC.m */ = {isa = PBXFileReference; fileEncoding = 4; lastKnownFileType = sourcecode.c.objc; path = WJWebViewVC.m; sourceTree = "<group>"; };
		2BF1D5931EF825010017E1CA /* WJWkWebViewVC.h */ = {isa = PBXFileReference; fileEncoding = 4; lastKnownFileType = sourcecode.c.h; path = WJWkWebViewVC.h; sourceTree = "<group>"; };
		2BF1D5941EF825010017E1CA /* WJWkWebViewVC.m */ = {isa = PBXFileReference; fileEncoding = 4; lastKnownFileType = sourcecode.c.objc; path = WJWkWebViewVC.m; sourceTree = "<group>"; };
		2BF1D5991EF82A070017E1CA /* NSArray+NilCheck.h */ = {isa = PBXFileReference; fileEncoding = 4; lastKnownFileType = sourcecode.c.h; path = "NSArray+NilCheck.h"; sourceTree = "<group>"; };
		2BF1D59A1EF82A070017E1CA /* NSArray+NilCheck.m */ = {isa = PBXFileReference; fileEncoding = 4; lastKnownFileType = sourcecode.c.objc; path = "NSArray+NilCheck.m"; sourceTree = "<group>"; };
		2BF1D59B1EF82A070017E1CA /* NSObject+NilCheck.h */ = {isa = PBXFileReference; fileEncoding = 4; lastKnownFileType = sourcecode.c.h; path = "NSObject+NilCheck.h"; sourceTree = "<group>"; };
		2BF1D59C1EF82A070017E1CA /* NSObject+NilCheck.m */ = {isa = PBXFileReference; fileEncoding = 4; lastKnownFileType = sourcecode.c.objc; path = "NSObject+NilCheck.m"; sourceTree = "<group>"; };
		2BF1D59D1EF82A070017E1CA /* NSString+NilCheck.h */ = {isa = PBXFileReference; fileEncoding = 4; lastKnownFileType = sourcecode.c.h; path = "NSString+NilCheck.h"; sourceTree = "<group>"; };
		2BF1D59E1EF82A070017E1CA /* NSString+NilCheck.m */ = {isa = PBXFileReference; fileEncoding = 4; lastKnownFileType = sourcecode.c.objc; path = "NSString+NilCheck.m"; sourceTree = "<group>"; };
		2BF1D59F1EF82A070017E1CA /* WJNilCheck.h */ = {isa = PBXFileReference; fileEncoding = 4; lastKnownFileType = sourcecode.c.h; path = WJNilCheck.h; sourceTree = "<group>"; };
/* End PBXFileReference section */

/* Begin PBXFrameworksBuildPhase section */
		2BF1D5481EF8226B0017E1CA /* Frameworks */ = {
			isa = PBXFrameworksBuildPhase;
			buildActionMask = 2147483647;
			files = (
			);
			runOnlyForDeploymentPostprocessing = 0;
		};
		2BF1D5611EF8226B0017E1CA /* Frameworks */ = {
			isa = PBXFrameworksBuildPhase;
			buildActionMask = 2147483647;
			files = (
			);
			runOnlyForDeploymentPostprocessing = 0;
		};
		2BF1D56C1EF8226B0017E1CA /* Frameworks */ = {
			isa = PBXFrameworksBuildPhase;
			buildActionMask = 2147483647;
			files = (
			);
			runOnlyForDeploymentPostprocessing = 0;
		};
/* End PBXFrameworksBuildPhase section */

/* Begin PBXGroup section */
		2BF1D5421EF8226B0017E1CA = {
			isa = PBXGroup;
			children = (
				2BF1D54D1EF8226B0017E1CA /* wj_bugs_001 */,
				2BF1D5671EF8226B0017E1CA /* wj_bugs_001Tests */,
				2BF1D5721EF8226B0017E1CA /* wj_bugs_001UITests */,
				2BF1D54C1EF8226B0017E1CA /* Products */,
			);
			sourceTree = "<group>";
		};
		2BF1D54C1EF8226B0017E1CA /* Products */ = {
			isa = PBXGroup;
			children = (
				2BF1D54B1EF8226B0017E1CA /* wj_bugs_001.app */,
				2BF1D5641EF8226B0017E1CA /* wj_bugs_001Tests.xctest */,
				2BF1D56F1EF8226B0017E1CA /* wj_bugs_001UITests.xctest */,
			);
			name = Products;
			sourceTree = "<group>";
		};
		2BF1D54D1EF8226B0017E1CA /* wj_bugs_001 */ = {
			isa = PBXGroup;
			children = (
				2BF1D5981EF82A070017E1CA /* nillCheck */,
				2BF1D5811EF8231C0017E1CA /* wkHelper */,
				2BF1D5511EF8226B0017E1CA /* AppDelegate.h */,
				2BF1D5521EF8226B0017E1CA /* AppDelegate.m */,
				2BF1D5541EF8226B0017E1CA /* ViewController.h */,
				2BF1D5551EF8226B0017E1CA /* ViewController.m */,
				2BF1D5911EF825010017E1CA /* WJWebViewVC.h */,
				2BF1D5921EF825010017E1CA /* WJWebViewVC.m */,
				2BF1D5931EF825010017E1CA /* WJWkWebViewVC.h */,
				2BF1D5941EF825010017E1CA /* WJWkWebViewVC.m */,
				2BF1D5571EF8226B0017E1CA /* Main.storyboard */,
				2BF1D55A1EF8226B0017E1CA /* Assets.xcassets */,
				2BF1D55C1EF8226B0017E1CA /* LaunchScreen.storyboard */,
				2BF1D55F1EF8226B0017E1CA /* Info.plist */,
				2BF1D54E1EF8226B0017E1CA /* Supporting Files */,
			);
			path = wj_bugs_001;
			sourceTree = "<group>";
		};
		2BF1D54E1EF8226B0017E1CA /* Supporting Files */ = {
			isa = PBXGroup;
			children = (
				2BF1D54F1EF8226B0017E1CA /* main.m */,
			);
			name = "Supporting Files";
			sourceTree = "<group>";
		};
		2BF1D5671EF8226B0017E1CA /* wj_bugs_001Tests */ = {
			isa = PBXGroup;
			children = (
				2BF1D5681EF8226B0017E1CA /* wj_bugs_001Tests.m */,
				2BF1D56A1EF8226B0017E1CA /* Info.plist */,
			);
			path = wj_bugs_001Tests;
			sourceTree = "<group>";
		};
		2BF1D5721EF8226B0017E1CA /* wj_bugs_001UITests */ = {
			isa = PBXGroup;
			children = (
				2BF1D5731EF8226B0017E1CA /* wj_bugs_001UITests.m */,
				2BF1D5751EF8226B0017E1CA /* Info.plist */,
			);
			path = wj_bugs_001UITests;
			sourceTree = "<group>";
		};
		2BF1D5811EF8231C0017E1CA /* wkHelper */ = {
			isa = PBXGroup;
			children = (
				2BF1D5881EF824250017E1CA /* UIViewController+FastAlert.h */,
				2BF1D5891EF824250017E1CA /* UIViewController+FastAlert.m */,
				2BF1D5821EF823670017E1CA /* SJGWKWebHelper.h */,
				2BF1D5831EF823670017E1CA /* SJGWKWebHelper.m */,
				2BF1D5841EF823670017E1CA /* UIViewController+SJGWKWebView.h */,
				2BF1D5851EF823670017E1CA /* UIViewController+SJGWKWebView.m */,
			);
			path = wkHelper;
			sourceTree = "<group>";
		};
		2BF1D5981EF82A070017E1CA /* nillCheck */ = {
			isa = PBXGroup;
			children = (
				2BF1D5991EF82A070017E1CA /* NSArray+NilCheck.h */,
				2BF1D59A1EF82A070017E1CA /* NSArray+NilCheck.m */,
				2BF1D59B1EF82A070017E1CA /* NSObject+NilCheck.h */,
				2BF1D59C1EF82A070017E1CA /* NSObject+NilCheck.m */,
				2BF1D59D1EF82A070017E1CA /* NSString+NilCheck.h */,
				2BF1D59E1EF82A070017E1CA /* NSString+NilCheck.m */,
				2BF1D59F1EF82A070017E1CA /* WJNilCheck.h */,
			);
			path = nillCheck;
			sourceTree = "<group>";
		};
/* End PBXGroup section */

/* Begin PBXNativeTarget section */
		2BF1D54A1EF8226B0017E1CA /* wj_bugs_001 */ = {
			isa = PBXNativeTarget;
			buildConfigurationList = 2BF1D5781EF8226B0017E1CA /* Build configuration list for PBXNativeTarget "wj_bugs_001" */;
			buildPhases = (
				2BF1D5471EF8226B0017E1CA /* Sources */,
				2BF1D5481EF8226B0017E1CA /* Frameworks */,
				2BF1D5491EF8226B0017E1CA /* Resources */,
			);
			buildRules = (
			);
			dependencies = (
			);
			name = wj_bugs_001;
			productName = wj_bugs_001;
			productReference = 2BF1D54B1EF8226B0017E1CA /* wj_bugs_001.app */;
			productType = "com.apple.product-type.application";
		};
		2BF1D5631EF8226B0017E1CA /* wj_bugs_001Tests */ = {
			isa = PBXNativeTarget;
			buildConfigurationList = 2BF1D57B1EF8226B0017E1CA /* Build configuration list for PBXNativeTarget "wj_bugs_001Tests" */;
			buildPhases = (
				2BF1D5601EF8226B0017E1CA /* Sources */,
				2BF1D5611EF8226B0017E1CA /* Frameworks */,
				2BF1D5621EF8226B0017E1CA /* Resources */,
			);
			buildRules = (
			);
			dependencies = (
				2BF1D5661EF8226B0017E1CA /* PBXTargetDependency */,
			);
			name = wj_bugs_001Tests;
			productName = wj_bugs_001Tests;
			productReference = 2BF1D5641EF8226B0017E1CA /* wj_bugs_001Tests.xctest */;
			productType = "com.apple.product-type.bundle.unit-test";
		};
		2BF1D56E1EF8226B0017E1CA /* wj_bugs_001UITests */ = {
			isa = PBXNativeTarget;
			buildConfigurationList = 2BF1D57E1EF8226B0017E1CA /* Build configuration list for PBXNativeTarget "wj_bugs_001UITests" */;
			buildPhases = (
				2BF1D56B1EF8226B0017E1CA /* Sources */,
				2BF1D56C1EF8226B0017E1CA /* Frameworks */,
				2BF1D56D1EF8226B0017E1CA /* Resources */,
			);
			buildRules = (
			);
			dependencies = (
				2BF1D5711EF8226B0017E1CA /* PBXTargetDependency */,
			);
			name = wj_bugs_001UITests;
			productName = wj_bugs_001UITests;
			productReference = 2BF1D56F1EF8226B0017E1CA /* wj_bugs_001UITests.xctest */;
			productType = "com.apple.product-type.bundle.ui-testing";
		};
/* End PBXNativeTarget section */

/* Begin PBXProject section */
		2BF1D5431EF8226B0017E1CA /* Project object */ = {
			isa = PBXProject;
			attributes = {
				LastUpgradeCheck = 0830;
				ORGANIZATIONNAME = SJG;
				TargetAttributes = {
					2BF1D54A1EF8226B0017E1CA = {
						CreatedOnToolsVersion = 8.3.2;
						ProvisioningStyle = Automatic;
					};
					2BF1D5631EF8226B0017E1CA = {
						CreatedOnToolsVersion = 8.3.2;
						ProvisioningStyle = Automatic;
						TestTargetID = 2BF1D54A1EF8226B0017E1CA;
					};
					2BF1D56E1EF8226B0017E1CA = {
						CreatedOnToolsVersion = 8.3.2;
						ProvisioningStyle = Automatic;
						TestTargetID = 2BF1D54A1EF8226B0017E1CA;
					};
				};
			};
			buildConfigurationList = 2BF1D5461EF8226B0017E1CA /* Build configuration list for PBXProject "wj_bugs_001" */;
			compatibilityVersion = "Xcode 3.2";
			developmentRegion = English;
			hasScannedForEncodings = 0;
			knownRegions = (
				en,
				Base,
			);
			mainGroup = 2BF1D5421EF8226B0017E1CA;
			productRefGroup = 2BF1D54C1EF8226B0017E1CA /* Products */;
			projectDirPath = "";
			projectRoot = "";
			targets = (
				2BF1D54A1EF8226B0017E1CA /* wj_bugs_001 */,
				2BF1D5631EF8226B0017E1CA /* wj_bugs_001Tests */,
				2BF1D56E1EF8226B0017E1CA /* wj_bugs_001UITests */,
			);
		};
/* End PBXProject section */

/* Begin PBXResourcesBuildPhase section */
		2BF1D5491EF8226B0017E1CA /* Resources */ = {
			isa = PBXResourcesBuildPhase;
			buildActionMask = 2147483647;
			files = (
				2BF1D55E1EF8226B0017E1CA /* LaunchScreen.storyboard in Resources */,
				2BF1D55B1EF8226B0017E1CA /* Assets.xcassets in Resources */,
				2BF1D5591EF8226B0017E1CA /* Main.storyboard in Resources */,
			);
			runOnlyForDeploymentPostprocessing = 0;
		};
		2BF1D5621EF8226B0017E1CA /* Resources */ = {
			isa = PBXResourcesBuildPhase;
			buildActionMask = 2147483647;
			files = (
			);
			runOnlyForDeploymentPostprocessing = 0;
		};
		2BF1D56D1EF8226B0017E1CA /* Resources */ = {
			isa = PBXResourcesBuildPhase;
			buildActionMask = 2147483647;
			files = (
			);
			runOnlyForDeploymentPostprocessing = 0;
		};
/* End PBXResourcesBuildPhase section */

/* Begin PBXSourcesBuildPhase section */
		2BF1D5471EF8226B0017E1CA /* Sources */ = {
			isa = PBXSourcesBuildPhase;
			buildActionMask = 2147483647;
			files = (
				2BF1D5961EF825010017E1CA /* WJWkWebViewVC.m in Sources */,
				2BF1D5561EF8226B0017E1CA /* ViewController.m in Sources */,
				2BF1D5531EF8226B0017E1CA /* AppDelegate.m in Sources */,
				2BF1D5A21EF82A070017E1CA /* NSString+NilCheck.m in Sources */,
				2BF1D5A01EF82A070017E1CA /* NSArray+NilCheck.m in Sources */,
				2BF1D5A11EF82A070017E1CA /* NSObject+NilCheck.m in Sources */,
				2BF1D5501EF8226B0017E1CA /* main.m in Sources */,
				2BF1D58A1EF824250017E1CA /* UIViewController+FastAlert.m in Sources */,
				2BF1D5951EF825010017E1CA /* WJWebViewVC.m in Sources */,
				2BF1D5861EF823670017E1CA /* SJGWKWebHelper.m in Sources */,
				2BF1D5871EF823670017E1CA /* UIViewController+SJGWKWebView.m in Sources */,
			);
			runOnlyForDeploymentPostprocessing = 0;
		};
		2BF1D5601EF8226B0017E1CA /* Sources */ = {
			isa = PBXSourcesBuildPhase;
			buildActionMask = 2147483647;
			files = (
				2BF1D5691EF8226B0017E1CA /* wj_bugs_001Tests.m in Sources */,
			);
			runOnlyForDeploymentPostprocessing = 0;
		};
		2BF1D56B1EF8226B0017E1CA /* Sources */ = {
			isa = PBXSourcesBuildPhase;
			buildActionMask = 2147483647;
			files = (
				2BF1D5741EF8226B0017E1CA /* wj_bugs_001UITests.m in Sources */,
			);
			runOnlyForDeploymentPostprocessing = 0;
		};
/* End PBXSourcesBuildPhase section */

/* Begin PBXTargetDependency section */
		2BF1D5661EF8226B0017E1CA /* PBXTargetDependency */ = {
			isa = PBXTargetDependency;
			target = 2BF1D54A1EF8226B0017E1CA /* wj_bugs_001 */;
			targetProxy = 2BF1D5651EF8226B0017E1CA /* PBXContainerItemProxy */;
		};
		2BF1D5711EF8226B0017E1CA /* PBXTargetDependency */ = {
			isa = PBXTargetDependency;
			target = 2BF1D54A1EF8226B0017E1CA /* wj_bugs_001 */;
			targetProxy = 2BF1D5701EF8226B0017E1CA /* PBXContainerItemProxy */;
		};
/* End PBXTargetDependency section */

/* Begin PBXVariantGroup section */
		2BF1D5571EF8226B0017E1CA /* Main.storyboard */ = {
			isa = PBXVariantGroup;
			children = (
				2BF1D5581EF8226B0017E1CA /* Base */,
			);
			name = Main.storyboard;
			sourceTree = "<group>";
		};
		2BF1D55C1EF8226B0017E1CA /* LaunchScreen.storyboard */ = {
			isa = PBXVariantGroup;
			children = (
				2BF1D55D1EF8226B0017E1CA /* Base */,
			);
			name = LaunchScreen.storyboard;
			sourceTree = "<group>";
		};
/* End PBXVariantGroup section */

/* Begin XCBuildConfiguration section */
		2BF1D5761EF8226B0017E1CA /* Debug */ = {
			isa = XCBuildConfiguration;
			buildSettings = {
				ALWAYS_SEARCH_USER_PATHS = NO;
				CLANG_ANALYZER_NONNULL = YES;
				CLANG_ANALYZER_NUMBER_OBJECT_CONVERSION = YES_AGGRESSIVE;
				CLANG_CXX_LANGUAGE_STANDARD = "gnu++0x";
				CLANG_CXX_LIBRARY = "libc++";
				CLANG_ENABLE_MODULES = YES;
				CLANG_ENABLE_OBJC_ARC = YES;
				CLANG_WARN_BOOL_CONVERSION = YES;
				CLANG_WARN_CONSTANT_CONVERSION = YES;
				CLANG_WARN_DIRECT_OBJC_ISA_USAGE = YES_ERROR;
				CLANG_WARN_DOCUMENTATION_COMMENTS = YES;
				CLANG_WARN_EMPTY_BODY = YES;
				CLANG_WARN_ENUM_CONVERSION = YES;
				CLANG_WARN_INFINITE_RECURSION = YES;
				CLANG_WARN_INT_CONVERSION = YES;
				CLANG_WARN_OBJC_ROOT_CLASS = YES_ERROR;
				CLANG_WARN_SUSPICIOUS_MOVE = YES;
				CLANG_WARN_UNREACHABLE_CODE = YES;
				CLANG_WARN__DUPLICATE_METHOD_MATCH = YES;
				"CODE_SIGN_IDENTITY[sdk=iphoneos*]" = "iPhone Developer";
				COPY_PHASE_STRIP = NO;
				DEBUG_INFORMATION_FORMAT = dwarf;
				ENABLE_STRICT_OBJC_MSGSEND = YES;
				ENABLE_TESTABILITY = YES;
				GCC_C_LANGUAGE_STANDARD = gnu99;
				GCC_DYNAMIC_NO_PIC = NO;
				GCC_NO_COMMON_BLOCKS = YES;
				GCC_OPTIMIZATION_LEVEL = 0;
				GCC_PREPROCESSOR_DEFINITIONS = (
					"DEBUG=1",
					"$(inherited)",
				);
				GCC_WARN_64_TO_32_BIT_CONVERSION = YES;
				GCC_WARN_ABOUT_RETURN_TYPE = YES_ERROR;
				GCC_WARN_UNDECLARED_SELECTOR = YES;
				GCC_WARN_UNINITIALIZED_AUTOS = YES_AGGRESSIVE;
				GCC_WARN_UNUSED_FUNCTION = YES;
				GCC_WARN_UNUSED_VARIABLE = YES;
				IPHONEOS_DEPLOYMENT_TARGET = 10.3;
				MTL_ENABLE_DEBUG_INFO = YES;
				ONLY_ACTIVE_ARCH = YES;
				SDKROOT = iphoneos;
			};
			name = Debug;
		};
		2BF1D5771EF8226B0017E1CA /* Release */ = {
			isa = XCBuildConfiguration;
			buildSettings = {
				ALWAYS_SEARCH_USER_PATHS = NO;
				CLANG_ANALYZER_NONNULL = YES;
				CLANG_ANALYZER_NUMBER_OBJECT_CONVERSION = YES_AGGRESSIVE;
				CLANG_CXX_LANGUAGE_STANDARD = "gnu++0x";
				CLANG_CXX_LIBRARY = "libc++";
				CLANG_ENABLE_MODULES = YES;
				CLANG_ENABLE_OBJC_ARC = YES;
				CLANG_WARN_BOOL_CONVERSION = YES;
				CLANG_WARN_CONSTANT_CONVERSION = YES;
				CLANG_WARN_DIRECT_OBJC_ISA_USAGE = YES_ERROR;
				CLANG_WARN_DOCUMENTATION_COMMENTS = YES;
				CLANG_WARN_EMPTY_BODY = YES;
				CLANG_WARN_ENUM_CONVERSION = YES;
				CLANG_WARN_INFINITE_RECURSION = YES;
				CLANG_WARN_INT_CONVERSION = YES;
				CLANG_WARN_OBJC_ROOT_CLASS = YES_ERROR;
				CLANG_WARN_SUSPICIOUS_MOVE = YES;
				CLANG_WARN_UNREACHABLE_CODE = YES;
				CLANG_WARN__DUPLICATE_METHOD_MATCH = YES;
				"CODE_SIGN_IDENTITY[sdk=iphoneos*]" = "iPhone Developer";
				COPY_PHASE_STRIP = NO;
				DEBUG_INFORMATION_FORMAT = "dwarf-with-dsym";
				ENABLE_NS_ASSERTIONS = NO;
				ENABLE_STRICT_OBJC_MSGSEND = YES;
				GCC_C_LANGUAGE_STANDARD = gnu99;
				GCC_NO_COMMON_BLOCKS = YES;
				GCC_WARN_64_TO_32_BIT_CONVERSION = YES;
				GCC_WARN_ABOUT_RETURN_TYPE = YES_ERROR;
				GCC_WARN_UNDECLARED_SELECTOR = YES;
				GCC_WARN_UNINITIALIZED_AUTOS = YES_AGGRESSIVE;
				GCC_WARN_UNUSED_FUNCTION = YES;
				GCC_WARN_UNUSED_VARIABLE = YES;
				IPHONEOS_DEPLOYMENT_TARGET = 10.3;
				MTL_ENABLE_DEBUG_INFO = NO;
				SDKROOT = iphoneos;
				VALIDATE_PRODUCT = YES;
			};
			name = Release;
		};
		2BF1D5791EF8226B0017E1CA /* Debug */ = {
			isa = XCBuildConfiguration;
			buildSettings = {
				ASSETCATALOG_COMPILER_APPICON_NAME = AppIcon;
				INFOPLIST_FILE = wj_bugs_001/Info.plist;
				LD_RUNPATH_SEARCH_PATHS = "$(inherited) @executable_path/Frameworks";
				PRODUCT_BUNDLE_IDENTIFIER = "com.itbour.wj-bugs-001";
				PRODUCT_NAME = "$(TARGET_NAME)";
			};
			name = Debug;
		};
		2BF1D57A1EF8226B0017E1CA /* Release */ = {
			isa = XCBuildConfiguration;
			buildSettings = {
				ASSETCATALOG_COMPILER_APPICON_NAME = AppIcon;
				INFOPLIST_FILE = wj_bugs_001/Info.plist;
				LD_RUNPATH_SEARCH_PATHS = "$(inherited) @executable_path/Frameworks";
				PRODUCT_BUNDLE_IDENTIFIER = "com.itbour.wj-bugs-001";
				PRODUCT_NAME = "$(TARGET_NAME)";
			};
			name = Release;
		};
		2BF1D57C1EF8226B0017E1CA /* Debug */ = {
			isa = XCBuildConfiguration;
			buildSettings = {
				BUNDLE_LOADER = "$(TEST_HOST)";
				INFOPLIST_FILE = wj_bugs_001Tests/Info.plist;
				LD_RUNPATH_SEARCH_PATHS = "$(inherited) @executable_path/Frameworks @loader_path/Frameworks";
				PRODUCT_BUNDLE_IDENTIFIER = "com.itbour.wj-bugs-001Tests";
				PRODUCT_NAME = "$(TARGET_NAME)";
				TEST_HOST = "$(BUILT_PRODUCTS_DIR)/wj_bugs_001.app/wj_bugs_001";
			};
			name = Debug;
		};
		2BF1D57D1EF8226B0017E1CA /* Release */ = {
			isa = XCBuildConfiguration;
			buildSettings = {
				BUNDLE_LOADER = "$(TEST_HOST)";
				INFOPLIST_FILE = wj_bugs_001Tests/Info.plist;
				LD_RUNPATH_SEARCH_PATHS = "$(inherited) @executable_path/Frameworks @loader_path/Frameworks";
				PRODUCT_BUNDLE_IDENTIFIER = "com.itbour.wj-bugs-001Tests";
				PRODUCT_NAME = "$(TARGET_NAME)";
				TEST_HOST = "$(BUILT_PRODUCTS_DIR)/wj_bugs_001.app/wj_bugs_001";
			};
			name = Release;
		};
		2BF1D57F1EF8226B0017E1CA /* Debug */ = {
			isa = XCBuildConfiguration;
			buildSettings = {
				INFOPLIST_FILE = wj_bugs_001UITests/Info.plist;
				LD_RUNPATH_SEARCH_PATHS = "$(inherited) @executable_path/Frameworks @loader_path/Frameworks";
				PRODUCT_BUNDLE_IDENTIFIER = "com.itbour.wj-bugs-001UITests";
				PRODUCT_NAME = "$(TARGET_NAME)";
				TEST_TARGET_NAME = wj_bugs_001;
			};
			name = Debug;
		};
		2BF1D5801EF8226B0017E1CA /* Release */ = {
			isa = XCBuildConfiguration;
			buildSettings = {
				INFOPLIST_FILE = wj_bugs_001UITests/Info.plist;
				LD_RUNPATH_SEARCH_PATHS = "$(inherited) @executable_path/Frameworks @loader_path/Frameworks";
				PRODUCT_BUNDLE_IDENTIFIER = "com.itbour.wj-bugs-001UITests";
				PRODUCT_NAME = "$(TARGET_NAME)";
				TEST_TARGET_NAME = wj_bugs_001;
			};
			name = Release;
		};
/* End XCBuildConfiguration section */

/* Begin XCConfigurationList section */
		2BF1D5461EF8226B0017E1CA /* Build configuration list for PBXProject "wj_bugs_001" */ = {
			isa = XCConfigurationList;
			buildConfigurations = (
				2BF1D5761EF8226B0017E1CA /* Debug */,
				2BF1D5771EF8226B0017E1CA /* Release */,
			);
			defaultConfigurationIsVisible = 0;
			defaultConfigurationName = Release;
		};
		2BF1D5781EF8226B0017E1CA /* Build configuration list for PBXNativeTarget "wj_bugs_001" */ = {
			isa = XCConfigurationList;
			buildConfigurations = (
				2BF1D5791EF8226B0017E1CA /* Debug */,
				2BF1D57A1EF8226B0017E1CA /* Release */,
			);
			defaultConfigurationIsVisible = 0;
		};
		2BF1D57B1EF8226B0017E1CA /* Build configuration list for PBXNativeTarget "wj_bugs_001Tests" */ = {
			isa = XCConfigurationList;
			buildConfigurations = (
				2BF1D57C1EF8226B0017E1CA /* Debug */,
				2BF1D57D1EF8226B0017E1CA /* Release */,
			);
			defaultConfigurationIsVisible = 0;
		};
		2BF1D57E1EF8226B0017E1CA /* Build configuration list for PBXNativeTarget "wj_bugs_001UITests" */ = {
			isa = XCConfigurationList;
			buildConfigurations = (
				2BF1D57F1EF8226B0017E1CA /* Debug */,
				2BF1D5801EF8226B0017E1CA /* Release */,
			);
			defaultConfigurationIsVisible = 0;
		};
/* End XCConfigurationList section */
	};
	rootObject = 2BF1D5431EF8226B0017E1CA /* Project object */;
}
